
Microsoft Visual Studio Solution File, Format Version 12.00
# Visual Studio Version 17
VisualStudioVersion = 17.3.32929.385
MinimumVisualStudioVersion = 10.0.40219.1
Project("{8BC9CEB8-8B4A-11D0-8D11-00A0C91BC942}") = "Project8", "Project8\Project8.vcxproj", "{5FC4B049-F13C-4635-B118-1130F13C7815}"
EndProject
Global
	GlobalSection(SolutionConfigurationPlatforms) = preSolution
		Debug|x64 = Debug|x64
		Debug|x86 = Debug|x86
		Release|x64 = Release|x64
		Release|x86 = Release|x86
	EndGlobalSection
	GlobalSection(ProjectConfigurationPlatforms) = postSolution
		{5FC4B049-F13C-4635-B118-1130F13C7815}.Debug|x64.ActiveCfg = Debug|x64
		{5FC4B049-F13C-4635-B118-1130F13C7815}.Debug|x64.Build.0 = Debug|x64
		{5FC4B049-F13C-4635-B118-1130F13C7815}.Debug|x86.ActiveCfg = Debug|Win32
		{5FC4B049-F13C-4635-B118-1130F13C7815}.Debug|x86.Build.0 = Debug|Win32
		{5FC4B049-F13C-4635-B118-1130F13C7815}.Release|x64.ActiveCfg = Release|x64
		{5FC4B049-F13C-4635-B118-1130F13C7815}.Release|x64.Build.0 = Release|x64
		{5FC4B049-F13C-4635-B118-1130F13C7815}.Release|x86.ActiveCfg = Release|Win32
		{5FC4B049-F13C-4635-B118-1130F13C7815}.Release|x86.Build.0 = Release|Win32
	EndGlobalSection
	GlobalSection(SolutionProperties) = preSolution
		HideSolutionNode = FALSE
	EndGlobalSection
	GlobalSection(ExtensibilityGlobals) = postSolution
		SolutionGuid = {E3D6C175-7CA9-446B-81B2-4F1B6CDBD87E}
	EndGlobalSection
EndGlobal
